
Microsoft Visual Studio Solution File, Format Version 12.00
# Visual Studio Version 17
VisualStudioVersion = 17.0.32014.148
MinimumVisualStudioVersion = 10.0.40219.1
Project("{FAE04EC0-301F-11D3-BF4B-00C04F79EFBC}") = "Oppgave 3-4", "Oppgave 3-4\Oppgave 3-4.csproj", "{17C29A02-1A8C-485F-A682-45AB8BDEAC5B}"
EndProject
Global
	GlobalSection(SolutionConfigurationPlatforms) = preSolution
		Debug|Any CPU = Debug|Any CPU
		Release|Any CPU = Release|Any CPU
	EndGlobalSection
	GlobalSection(ProjectConfigurationPlatforms) = postSolution
		{17C29A02-1A8C-485F-A682-45AB8BDEAC5B}.Debug|Any CPU.ActiveCfg = Debug|Any CPU
		{17C29A02-1A8C-485F-A682-45AB8BDEAC5B}.Debug|Any CPU.Build.0 = Debug|Any CPU
		{17C29A02-1A8C-485F-A682-45AB8BDEAC5B}.Release|Any CPU.ActiveCfg = Release|Any CPU
		{17C29A02-1A8C-485F-A682-45AB8BDEAC5B}.Release|Any CPU.Build.0 = Release|Any CPU
	EndGlobalSection
	GlobalSection(SolutionProperties) = preSolution
		HideSolutionNode = FALSE
	EndGlobalSection
	GlobalSection(ExtensibilityGlobals) = postSolution
		SolutionGuid = {00F5B34B-D3B2-4BDE-829E-50D3E68135A7}
	EndGlobalSection
EndGlobal
